
Microsoft Visual Studio Solution File, Format Version 12.00
# Visual Studio 14
VisualStudioVersion = 14.0.23107.0
MinimumVisualStudioVersion = 10.0.40219.1
Project("{FAE04EC0-301F-11D3-BF4B-00C04F79EFBC}") = "MetaExplorerBE", "MetaExplorerBE\MetaExplorerBE.csproj", "{8CB8174A-ACC7-4508-8B52-C3644C5ED59F}"
EndProject
Project("{FAE04EC0-301F-11D3-BF4B-00C04F79EFBC}") = "MetaExplorerGUI", "MetaExplorerGUI\MetaExplorerGUI.csproj", "{1156000C-CB1A-4499-8187-7B49B002BA82}"
EndProject
Global
	GlobalSection(SolutionConfigurationPlatforms) = preSolution
		Debug|Any CPU = Debug|Any CPU
		Release|Any CPU = Release|Any CPU
	EndGlobalSection
	GlobalSection(ProjectConfigurationPlatforms) = postSolution
		{8CB8174A-ACC7-4508-8B52-C3644C5ED59F}.Debug|Any CPU.ActiveCfg = Debug|Any CPU
		{8CB8174A-ACC7-4508-8B52-C3644C5ED59F}.Debug|Any CPU.Build.0 = Debug|Any CPU
		{8CB8174A-ACC7-4508-8B52-C3644C5ED59F}.Release|Any CPU.ActiveCfg = Release|Any CPU
		{8CB8174A-ACC7-4508-8B52-C3644C5ED59F}.Release|Any CPU.Build.0 = Release|Any CPU
		{1156000C-CB1A-4499-8187-7B49B002BA82}.Debug|Any CPU.ActiveCfg = Debug|Any CPU
		{1156000C-CB1A-4499-8187-7B49B002BA82}.Debug|Any CPU.Build.0 = Debug|Any CPU
		{1156000C-CB1A-4499-8187-7B49B002BA82}.Release|Any CPU.ActiveCfg = Release|Any CPU
		{1156000C-CB1A-4499-8187-7B49B002BA82}.Release|Any CPU.Build.0 = Release|Any CPU
	EndGlobalSection
	GlobalSection(SolutionProperties) = preSolution
		HideSolutionNode = FALSE
	EndGlobalSection
	GlobalSection(TeamFoundationVersionControl) = preSolution
		SccNumberOfProjects = 3
		SccEnterpriseProvider = {4CA58AB2-18FA-4F8D-95D4-32DDF27D184C}
		SccTeamFoundationServer = http://stefan-pc:8080/tfs/defaultcollection
		SccLocalPath0 = .
		SccProjectUniqueName1 = MetaExplorerBE\\MetaExplorerBE.csproj
		SccProjectName1 = MetaExplorerBE
		SccLocalPath1 = MetaExplorerBE
		SccProjectUniqueName2 = MetaExplorerGUI\\MetaExplorerGUI.csproj
		SccProjectName2 = MetaExplorerGUI
		SccLocalPath2 = MetaExplorerGUI
	EndGlobalSection
EndGlobal
